
Microsoft Visual Studio Solution File, Format Version 12.00
# Visual Studio Version 16
VisualStudioVersion = 16.0.30611.23
MinimumVisualStudioVersion = 10.0.40219.1
Project("{FAE04EC0-301F-11D3-BF4B-00C04F79EFBC}") = "Programowanie Obiektowe 2021 - zaliczenie", "Programowanie Obiektowe 2021 - zaliczenie.csproj", "{C1963D80-7D51-4286-9BAE-F6DF4B0BC527}"
EndProject
Global
	GlobalSection(SolutionConfigurationPlatforms) = preSolution
		Debug|Any CPU = Debug|Any CPU
		Release|Any CPU = Release|Any CPU
	EndGlobalSection
	GlobalSection(ProjectConfigurationPlatforms) = postSolution
		{C1963D80-7D51-4286-9BAE-F6DF4B0BC527}.Debug|Any CPU.ActiveCfg = Debug|Any CPU
		{C1963D80-7D51-4286-9BAE-F6DF4B0BC527}.Debug|Any CPU.Build.0 = Debug|Any CPU
		{C1963D80-7D51-4286-9BAE-F6DF4B0BC527}.Release|Any CPU.ActiveCfg = Release|Any CPU
		{C1963D80-7D51-4286-9BAE-F6DF4B0BC527}.Release|Any CPU.Build.0 = Release|Any CPU
	EndGlobalSection
	GlobalSection(SolutionProperties) = preSolution
		HideSolutionNode = FALSE
	EndGlobalSection
	GlobalSection(ExtensibilityGlobals) = postSolution
		SolutionGuid = {A3BB7027-9DCF-4211-9785-2B588DBF0894}
	EndGlobalSection
EndGlobal
